
Microsoft Visual Studio Solution File, Format Version 12.00
# Visual Studio Version 16
VisualStudioVersion = 16.0.32106.194
MinimumVisualStudioVersion = 10.0.40219.1
Project("{FAE04EC0-301F-11D3-BF4B-00C04F79EFBC}") = "PAUM.UWP", "PAUM\PAUM.UWP\PAUM.UWP.csproj", "{6BA9F44E-D816-4EE9-9693-6B547BEE1D13}"
EndProject
Project("{FAE04EC0-301F-11D3-BF4B-00C04F79EFBC}") = "PAUM.Android", "PAUM\PAUM.Android\PAUM.Android.csproj", "{DEBAC6F9-1761-4C1B-BE35-6E8261FD92C7}"
EndProject
Project("{FAE04EC0-301F-11D3-BF4B-00C04F79EFBC}") = "PAUM.iOS", "PAUM\PAUM.iOS\PAUM.iOS.csproj", "{8EC7E81F-233D-4C67-A81E-D9AE8BD34716}"
EndProject
Project("{FAE04EC0-301F-11D3-BF4B-00C04F79EFBC}") = "PAUM", "PAUM\PAUM\PAUM.csproj", "{692F34BF-F537-4AE4-A461-124FB8A98138}"
EndProject
Global
	GlobalSection(SolutionConfigurationPlatforms) = preSolution
		Debug|Any CPU = Debug|Any CPU
		Debug|ARM = Debug|ARM
		Debug|iPhone = Debug|iPhone
		Debug|iPhoneSimulator = Debug|iPhoneSimulator
		Debug|x64 = Debug|x64
		Debug|x86 = Debug|x86
		Release|Any CPU = Release|Any CPU
		Release|ARM = Release|ARM
		Release|iPhone = Release|iPhone
		Release|iPhoneSimulator = Release|iPhoneSimulator
		Release|x64 = Release|x64
		Release|x86 = Release|x86
	EndGlobalSection
	GlobalSection(ProjectConfigurationPlatforms) = postSolution
		{6BA9F44E-D816-4EE9-9693-6B547BEE1D13}.Debug|Any CPU.ActiveCfg = Debug|x86
		{6BA9F44E-D816-4EE9-9693-6B547BEE1D13}.Debug|Any CPU.Build.0 = Debug|x86
		{6BA9F44E-D816-4EE9-9693-6B547BEE1D13}.Debug|Any CPU.Deploy.0 = Debug|x86
		{6BA9F44E-D816-4EE9-9693-6B547BEE1D13}.Debug|ARM.ActiveCfg = Debug|ARM
		{6BA9F44E-D816-4EE9-9693-6B547BEE1D13}.Debug|ARM.Build.0 = Debug|ARM
		{6BA9F44E-D816-4EE9-9693-6B547BEE1D13}.Debug|ARM.Deploy.0 = Debug|ARM
		{6BA9F44E-D816-4EE9-9693-6B547BEE1D13}.Debug|iPhone.ActiveCfg = Debug|x86
		{6BA9F44E-D816-4EE9-9693-6B547BEE1D13}.Debug|iPhone.Build.0 = Debug|x86
		{6BA9F44E-D816-4EE9-9693-6B547BEE1D13}.Debug|iPhone.Deploy.0 = Debug|x86
		{6BA9F44E-D816-4EE9-9693-6B547BEE1D13}.Debug|iPhoneSimulator.ActiveCfg = Debug|x86
		{6BA9F44E-D816-4EE9-9693-6B547BEE1D13}.Debug|iPhoneSimulator.Build.0 = Debug|x86
		{6BA9F44E-D816-4EE9-9693-6B547BEE1D13}.Debug|iPhoneSimulator.Deploy.0 = Debug|x86
		{6BA9F44E-D816-4EE9-9693-6B547BEE1D13}.Debug|x64.ActiveCfg = Debug|x64
		{6BA9F44E-D816-4EE9-9693-6B547BEE1D13}.Debug|x64.Build.0 = Debug|x64
		{6BA9F44E-D816-4EE9-9693-6B547BEE1D13}.Debug|x64.Deploy.0 = Debug|x64
		{6BA9F44E-D816-4EE9-9693-6B547BEE1D13}.Debug|x86.ActiveCfg = Debug|x86
		{6BA9F44E-D816-4EE9-9693-6B547BEE1D13}.Debug|x86.Build.0 = Debug|x86
		{6BA9F44E-D816-4EE9-9693-6B547BEE1D13}.Debug|x86.Deploy.0 = Debug|x86
		{6BA9F44E-D816-4EE9-9693-6B547BEE1D13}.Release|Any CPU.ActiveCfg = Release|x86
		{6BA9F44E-D816-4EE9-9693-6B547BEE1D13}.Release|Any CPU.Build.0 = Release|x86
		{6BA9F44E-D816-4EE9-9693-6B547BEE1D13}.Release|Any CPU.Deploy.0 = Release|x86
		{6BA9F44E-D816-4EE9-9693-6B547BEE1D13}.Release|ARM.ActiveCfg = Release|ARM
		{6BA9F44E-D816-4EE9-9693-6B547BEE1D13}.Release|ARM.Build.0 = Release|ARM
		{6BA9F44E-D816-4EE9-9693-6B547BEE1D13}.Release|ARM.Deploy.0 = Release|ARM
		{6BA9F44E-D816-4EE9-9693-6B547BEE1D13}.Release|iPhone.ActiveCfg = Release|x86
		{6BA9F44E-D816-4EE9-9693-6B547BEE1D13}.Release|iPhone.Build.0 = Release|x86
		{6BA9F44E-D816-4EE9-9693-6B547BEE1D13}.Release|iPhone.Deploy.0 = Release|x86
		{6BA9F44E-D816-4EE9-9693-6B547BEE1D13}.Release|iPhoneSimulator.ActiveCfg = Release|x86
		{6BA9F44E-D816-4EE9-9693-6B547BEE1D13}.Release|iPhoneSimulator.Build.0 = Release|x86
		{6BA9F44E-D816-4EE9-9693-6B547BEE1D13}.Release|iPhoneSimulator.Deploy.0 = Release|x86
		{6BA9F44E-D816-4EE9-9693-6B547BEE1D13}.Release|x64.ActiveCfg = Release|x64
		{6BA9F44E-D816-4EE9-9693-6B547BEE1D13}.Release|x64.Build.0 = Release|x64
		{6BA9F44E-D816-4EE9-9693-6B547BEE1D13}.Release|x64.Deploy.0 = Release|x64
		{6BA9F44E-D816-4EE9-9693-6B547BEE1D13}.Release|x86.ActiveCfg = Release|x86
		{6BA9F44E-D816-4EE9-9693-6B547BEE1D13}.Release|x86.Build.0 = Release|x86
		{6BA9F44E-D816-4EE9-9693-6B547BEE1D13}.Release|x86.Deploy.0 = Release|x86
		{DEBAC6F9-1761-4C1B-BE35-6E8261FD92C7}.Debug|Any CPU.ActiveCfg = Debug|Any CPU
		{DEBAC6F9-1761-4C1B-BE35-6E8261FD92C7}.Debug|Any CPU.Build.0 = Debug|Any CPU
		{DEBAC6F9-1761-4C1B-BE35-6E8261FD92C7}.Debug|Any CPU.Deploy.0 = Debug|Any CPU
		{DEBAC6F9-1761-4C1B-BE35-6E8261FD92C7}.Debug|ARM.ActiveCfg = Debug|Any CPU
		{DEBAC6F9-1761-4C1B-BE35-6E8261FD92C7}.Debug|ARM.Build.0 = Debug|Any CPU
		{DEBAC6F9-1761-4C1B-BE35-6E8261FD92C7}.Debug|ARM.Deploy.0 = Debug|Any CPU
		{DEBAC6F9-1761-4C1B-BE35-6E8261FD92C7}.Debug|iPhone.ActiveCfg = Debug|Any CPU
		{DEBAC6F9-1761-4C1B-BE35-6E8261FD92C7}.Debug|iPhone.Build.0 = Debug|Any CPU
		{DEBAC6F9-1761-4C1B-BE35-6E8261FD92C7}.Debug|iPhone.Deploy.0 = Debug|Any CPU
		{DEBAC6F9-1761-4C1B-BE35-6E8261FD92C7}.Debug|iPhoneSimulator.ActiveCfg = Debug|Any CPU
		{DEBAC6F9-1761-4C1B-BE35-6E8261FD92C7}.Debug|iPhoneSimulator.Build.0 = Debug|Any CPU
		{DEBAC6F9-1761-4C1B-BE35-6E8261FD92C7}.Debug|iPhoneSimulator.Deploy.0 = Debug|Any CPU
		{DEBAC6F9-1761-4C1B-BE35-6E8261FD92C7}.Debug|x64.ActiveCfg = Debug|Any CPU
		{DEBAC6F9-1761-4C1B-BE35-6E8261FD92C7}.Debug|x64.Build.0 = Debug|Any CPU
		{DEBAC6F9-1761-4C1B-BE35-6E8261FD92C7}.Debug|x64.Deploy.0 = Debug|Any CPU
		{DEBAC6F9-1761-4C1B-BE35-6E8261FD92C7}.Debug|x86.ActiveCfg = Debug|Any CPU
		{DEBAC6F9-1761-4C1B-BE35-6E8261FD92C7}.Debug|x86.Build.0 = Debug|Any CPU
		{DEBAC6F9-1761-4C1B-BE35-6E8261FD92C7}.Debug|x86.Deploy.0 = Debug|Any CPU
		{DEBAC6F9-1761-4C1B-BE35-6E8261FD92C7}.Release|Any CPU.ActiveCfg = Release|Any CPU
		{DEBAC6F9-1761-4C1B-BE35-6E8261FD92C7}.Release|Any CPU.Build.0 = Release|Any CPU
		{DEBAC6F9-1761-4C1B-BE35-6E8261FD92C7}.Release|Any CPU.Deploy.0 = Release|Any CPU
		{DEBAC6F9-1761-4C1B-BE35-6E8261FD92C7}.Release|ARM.ActiveCfg = Release|Any CPU
		{DEBAC6F9-1761-4C1B-BE35-6E8261FD92C7}.Release|ARM.Build.0 = Release|Any CPU
		{DEBAC6F9-1761-4C1B-BE35-6E8261FD92C7}.Release|ARM.Deploy.0 = Release|Any CPU
		{DEBAC6F9-1761-4C1B-BE35-6E8261FD92C7}.Release|iPhone.ActiveCfg = Release|Any CPU
		{DEBAC6F9-1761-4C1B-BE35-6E8261FD92C7}.Release|iPhone.Build.0 = Release|Any CPU
		{DEBAC6F9-1761-4C1B-BE35-6E8261FD92C7}.Release|iPhone.Deploy.0 = Release|Any CPU
		{DEBAC6F9-1761-4C1B-BE35-6E8261FD92C7}.Release|iPhoneSimulator.ActiveCfg = Release|Any CPU
		{DEBAC6F9-1761-4C1B-BE35-6E8261FD92C7}.Release|iPhoneSimulator.Build.0 = Release|Any CPU
		{DEBAC6F9-1761-4C1B-BE35-6E8261FD92C7}.Release|iPhoneSimulator.Deploy.0 = Release|Any CPU
		{DEBAC6F9-1761-4C1B-BE35-6E8261FD92C7}.Release|x64.ActiveCfg = Release|Any CPU
		{DEBAC6F9-1761-4C1B-BE35-6E8261FD92C7}.Release|x64.Build.0 = Release|Any CPU
		{DEBAC6F9-1761-4C1B-BE35-6E8261FD92C7}.Release|x64.Deploy.0 = Release|Any CPU
		{DEBAC6F9-1761-4C1B-BE35-6E8261FD92C7}.Release|x86.ActiveCfg = Release|Any CPU
		{DEBAC6F9-1761-4C1B-BE35-6E8261FD92C7}.Release|x86.Build.0 = Release|Any CPU
		{DEBAC6F9-1761-4C1B-BE35-6E8261FD92C7}.Release|x86.Deploy.0 = Release|Any CPU
		{8EC7E81F-233D-4C67-A81E-D9AE8BD34716}.Debug|Any CPU.ActiveCfg = Debug|iPhoneSimulator
		{8EC7E81F-233D-4C67-A81E-D9AE8BD34716}.Debug|Any CPU.Build.0 = Debug|iPhoneSimulator
		{8EC7E81F-233D-4C67-A81E-D9AE8BD34716}.Debug|Any CPU.Deploy.0 = Debug|iPhoneSimulator
		{8EC7E81F-233D-4C67-A81E-D9AE8BD34716}.Debug|ARM.ActiveCfg = Debug|iPhone
		{8EC7E81F-233D-4C67-A81E-D9AE8BD34716}.Debug|ARM.Build.0 = Debug|iPhone
		{8EC7E81F-233D-4C67-A81E-D9AE8BD34716}.Debug|ARM.Deploy.0 = Debug|iPhone
		{8EC7E81F-233D-4C67-A81E-D9AE8BD34716}.Debug|iPhone.ActiveCfg = Debug|iPhone
		{8EC7E81F-233D-4C67-A81E-D9AE8BD34716}.Debug|iPhone.Build.0 = Debug|iPhone
		{8EC7E81F-233D-4C67-A81E-D9AE8BD34716}.Debug|iPhone.Deploy.0 = Debug|iPhone
		{8EC7E81F-233D-4C67-A81E-D9AE8BD34716}.Debug|iPhoneSimulator.ActiveCfg = Debug|iPhoneSimulator
		{8EC7E81F-233D-4C67-A81E-D9AE8BD34716}.Debug|iPhoneSimulator.Build.0 = Debug|iPhoneSimulator
		{8EC7E81F-233D-4C67-A81E-D9AE8BD34716}.Debug|iPhoneSimulator.Deploy.0 = Debug|iPhoneSimulator
		{8EC7E81F-233D-4C67-A81E-D9AE8BD34716}.Debug|x64.ActiveCfg = Debug|iPhoneSimulator
		{8EC7E81F-233D-4C67-A81E-D9AE8BD34716}.Debug|x64.Build.0 = Debug|iPhoneSimulator
		{8EC7E81F-233D-4C67-A81E-D9AE8BD34716}.Debug|x64.Deploy.0 = Debug|iPhoneSimulator
		{8EC7E81F-233D-4C67-A81E-D9AE8BD34716}.Debug|x86.ActiveCfg = Debug|iPhoneSimulator
		{8EC7E81F-233D-4C67-A81E-D9AE8BD34716}.Debug|x86.Build.0 = Debug|iPhoneSimulator
		{8EC7E81F-233D-4C67-A81E-D9AE8BD34716}.Debug|x86.Deploy.0 = Debug|iPhoneSimulator
		{8EC7E81F-233D-4C67-A81E-D9AE8BD34716}.Release|Any CPU.ActiveCfg = Release|iPhoneSimulator
		{8EC7E81F-233D-4C67-A81E-D9AE8BD34716}.Release|Any CPU.Build.0 = Release|iPhoneSimulator
		{8EC7E81F-233D-4C67-A81E-D9AE8BD34716}.Release|Any CPU.Deploy.0 = Release|iPhoneSimulator
		{8EC7E81F-233D-4C67-A81E-D9AE8BD34716}.Release|ARM.ActiveCfg = Release|iPhoneSimulator
		{8EC7E81F-233D-4C67-A81E-D9AE8BD34716}.Release|ARM.Build.0 = Release|iPhoneSimulator
		{8EC7E81F-233D-4C67-A81E-D9AE8BD34716}.Release|ARM.Deploy.0 = Release|iPhoneSimulator
		{8EC7E81F-233D-4C67-A81E-D9AE8BD34716}.Release|iPhone.ActiveCfg = Release|iPhone
		{8EC7E81F-233D-4C67-A81E-D9AE8BD34716}.Release|iPhone.Build.0 = Release|iPhone
		{8EC7E81F-233D-4C67-A81E-D9AE8BD34716}.Release|iPhone.Deploy.0 = Release|iPhone
		{8EC7E81F-233D-4C67-A81E-D9AE8BD34716}.Release|iPhoneSimulator.ActiveCfg = Release|iPhoneSimulator
		{8EC7E81F-233D-4C67-A81E-D9AE8BD34716}.Release|iPhoneSimulator.Build.0 = Release|iPhoneSimulator
		{8EC7E81F-233D-4C67-A81E-D9AE8BD34716}.Release|iPhoneSimulator.Deploy.0 = Release|iPhoneSimulator
		{8EC7E81F-233D-4C67-A81E-D9AE8BD34716}.Release|x64.ActiveCfg = Release|iPhoneSimulator
		{8EC7E81F-233D-4C67-A81E-D9AE8BD34716}.Release|x64.Build.0 = Release|iPhoneSimulator
		{8EC7E81F-233D-4C67-A81E-D9AE8BD34716}.Release|x64.Deploy.0 = Release|iPhoneSimulator
		{8EC7E81F-233D-4C67-A81E-D9AE8BD34716}.Release|x86.ActiveCfg = Release|iPhoneSimulator
		{8EC7E81F-233D-4C67-A81E-D9AE8BD34716}.Release|x86.Build.0 = Release|iPhoneSimulator
		{8EC7E81F-233D-4C67-A81E-D9AE8BD34716}.Release|x86.Deploy.0 = Release|iPhoneSimulator
		{692F34BF-F537-4AE4-A461-124FB8A98138}.Debug|Any CPU.ActiveCfg = Debug|Any CPU
		{692F34BF-F537-4AE4-A461-124FB8A98138}.Debug|Any CPU.Build.0 = Debug|Any CPU
		{692F34BF-F537-4AE4-A461-124FB8A98138}.Debug|Any CPU.Deploy.0 = Debug|Any CPU
		{692F34BF-F537-4AE4-A461-124FB8A98138}.Debug|ARM.ActiveCfg = Debug|Any CPU
		{692F34BF-F537-4AE4-A461-124FB8A98138}.Debug|ARM.Build.0 = Debug|Any CPU
		{692F34BF-F537-4AE4-A461-124FB8A98138}.Debug|ARM.Deploy.0 = Debug|Any CPU
		{692F34BF-F537-4AE4-A461-124FB8A98138}.Debug|iPhone.ActiveCfg = Debug|Any CPU
		{692F34BF-F537-4AE4-A461-124FB8A98138}.Debug|iPhone.Build.0 = Debug|Any CPU
		{692F34BF-F537-4AE4-A461-124FB8A98138}.Debug|iPhone.Deploy.0 = Debug|Any CPU
		{692F34BF-F537-4AE4-A461-124FB8A98138}.Debug|iPhoneSimulator.ActiveCfg = Debug|Any CPU
		{692F34BF-F537-4AE4-A461-124FB8A98138}.Debug|iPhoneSimulator.Build.0 = Debug|Any CPU
		{692F34BF-F537-4AE4-A461-124FB8A98138}.Debug|iPhoneSimulator.Deploy.0 = Debug|Any CPU
		{692F34BF-F537-4AE4-A461-124FB8A98138}.Debug|x64.ActiveCfg = Debug|Any CPU
		{692F34BF-F537-4AE4-A461-124FB8A98138}.Debug|x64.Build.0 = Debug|Any CPU
		{692F34BF-F537-4AE4-A461-124FB8A98138}.Debug|x64.Deploy.0 = Debug|Any CPU
		{692F34BF-F537-4AE4-A461-124FB8A98138}.Debug|x86.ActiveCfg = Debug|Any CPU
		{692F34BF-F537-4AE4-A461-124FB8A98138}.Debug|x86.Build.0 = Debug|Any CPU
		{692F34BF-F537-4AE4-A461-124FB8A98138}.Debug|x86.Deploy.0 = Debug|Any CPU
		{692F34BF-F537-4AE4-A461-124FB8A98138}.Release|Any CPU.ActiveCfg = Release|Any CPU
		{692F34BF-F537-4AE4-A461-124FB8A98138}.Release|Any CPU.Build.0 = Release|Any CPU
		{692F34BF-F537-4AE4-A461-124FB8A98138}.Release|Any CPU.Deploy.0 = Release|Any CPU
		{692F34BF-F537-4AE4-A461-124FB8A98138}.Release|ARM.ActiveCfg = Release|Any CPU
		{692F34BF-F537-4AE4-A461-124FB8A98138}.Release|ARM.Build.0 = Release|Any CPU
		{692F34BF-F537-4AE4-A461-124FB8A98138}.Release|ARM.Deploy.0 = Release|Any CPU
		{692F34BF-F537-4AE4-A461-124FB8A98138}.Release|iPhone.ActiveCfg = Release|Any CPU
		{692F34BF-F537-4AE4-A461-124FB8A98138}.Release|iPhone.Build.0 = Release|Any CPU
		{692F34BF-F537-4AE4-A461-124FB8A98138}.Release|iPhone.Deploy.0 = Release|Any CPU
		{692F34BF-F537-4AE4-A461-124FB8A98138}.Release|iPhoneSimulator.ActiveCfg = Release|Any CPU
		{692F34BF-F537-4AE4-A461-124FB8A98138}.Release|iPhoneSimulator.Build.0 = Release|Any CPU
		{692F34BF-F537-4AE4-A461-124FB8A98138}.Release|iPhoneSimulator.Deploy.0 = Release|Any CPU
		{692F34BF-F537-4AE4-A461-124FB8A98138}.Release|x64.ActiveCfg = Release|Any CPU
		{692F34BF-F537-4AE4-A461-124FB8A98138}.Release|x64.Build.0 = Release|Any CPU
		{692F34BF-F537-4AE4-A461-124FB8A98138}.Release|x64.Deploy.0 = Release|Any CPU
		{692F34BF-F537-4AE4-A461-124FB8A98138}.Release|x86.ActiveCfg = Release|Any CPU
		{692F34BF-F537-4AE4-A461-124FB8A98138}.Release|x86.Build.0 = Release|Any CPU
		{692F34BF-F537-4AE4-A461-124FB8A98138}.Release|x86.Deploy.0 = Release|Any CPU
	EndGlobalSection
	GlobalSection(SolutionProperties) = preSolution
		HideSolutionNode = FALSE
	EndGlobalSection
	GlobalSection(ExtensibilityGlobals) = postSolution
		SolutionGuid = {12A8CAF3-C41E-49E5-BF46-37D5D5E1BF02}
	EndGlobalSection
EndGlobal
